
Microsoft Visual Studio Solution File, Format Version 12.00
# Visual Studio 15
Project("{FAE04EC0-301F-11D3-BF4B-00C04F79EFBC}") = "Assembly-CSharp-firstpass", "Assembly-CSharp-firstpass.csproj", "{51C49CA9-A4E9-FF0C-E972-813BCA87B800}"
EndProject
Project("{FAE04EC0-301F-11D3-BF4B-00C04F79EFBC}") = "Assembly-CSharp-Editor-firstpass", "Assembly-CSharp-Editor-firstpass.csproj", "{61531C50-D21E-7B94-5CF5-A86FB4D81696}"
EndProject
Project("{FAE04EC0-301F-11D3-BF4B-00C04F79EFBC}") = "Assembly-CSharp-firstpass", "Assembly-CSharp-firstpass.Player.csproj", "{6297CD2D-A53A-FB8F-A6D2-973A1AFBC175}"
EndProject
Global
	GlobalSection(SolutionConfigurationPlatforms) = preSolution
		Debug|Any CPU = Debug|Any CPU
		Release|Any CPU = Release|Any CPU
	EndGlobalSection
	GlobalSection(ProjectConfigurationPlatforms) = postSolution
		{51C49CA9-A4E9-FF0C-E972-813BCA87B800}.Debug|Any CPU.ActiveCfg = Debug|Any CPU
		{51C49CA9-A4E9-FF0C-E972-813BCA87B800}.Debug|Any CPU.Build.0 = Debug|Any CPU
		{51C49CA9-A4E9-FF0C-E972-813BCA87B800}.Release|Any CPU.ActiveCfg = Release|Any CPU
		{51C49CA9-A4E9-FF0C-E972-813BCA87B800}.Release|Any CPU.Build.0 = Release|Any CPU
		{61531C50-D21E-7B94-5CF5-A86FB4D81696}.Debug|Any CPU.ActiveCfg = Debug|Any CPU
		{61531C50-D21E-7B94-5CF5-A86FB4D81696}.Debug|Any CPU.Build.0 = Debug|Any CPU
		{61531C50-D21E-7B94-5CF5-A86FB4D81696}.Release|Any CPU.ActiveCfg = Release|Any CPU
		{61531C50-D21E-7B94-5CF5-A86FB4D81696}.Release|Any CPU.Build.0 = Release|Any CPU
		{6297CD2D-A53A-FB8F-A6D2-973A1AFBC175}.Debug|Any CPU.ActiveCfg = Debug|Any CPU
		{6297CD2D-A53A-FB8F-A6D2-973A1AFBC175}.Debug|Any CPU.Build.0 = Debug|Any CPU
		{6297CD2D-A53A-FB8F-A6D2-973A1AFBC175}.Release|Any CPU.ActiveCfg = Release|Any CPU
		{6297CD2D-A53A-FB8F-A6D2-973A1AFBC175}.Release|Any CPU.Build.0 = Release|Any CPU
	EndGlobalSection
	GlobalSection(SolutionProperties) = preSolution
		HideSolutionNode = FALSE
	EndGlobalSection
EndGlobal
